
Microsoft Visual Studio Solution File, Format Version 12.00
# Visual Studio 15
VisualStudioVersion = 15.0.28307.1321
MinimumVisualStudioVersion = 10.0.40219.1
Project("{FAE04EC0-301F-11D3-BF4B-00C04F79EFBC}") = "EmployeeManagement", "EmployeeManagement\EmployeeManagement.csproj", "{4DF4BBC6-E1DA-4950-9A72-035D3C55103D}"
EndProject
Global
	GlobalSection(SolutionConfigurationPlatforms) = preSolution
		Debug|Any CPU = Debug|Any CPU
		Release|Any CPU = Release|Any CPU
	EndGlobalSection
	GlobalSection(ProjectConfigurationPlatforms) = postSolution
		{4DF4BBC6-E1DA-4950-9A72-035D3C55103D}.Debug|Any CPU.ActiveCfg = Debug|Any CPU
		{4DF4BBC6-E1DA-4950-9A72-035D3C55103D}.Debug|Any CPU.Build.0 = Debug|Any CPU
		{4DF4BBC6-E1DA-4950-9A72-035D3C55103D}.Release|Any CPU.ActiveCfg = Release|Any CPU
		{4DF4BBC6-E1DA-4950-9A72-035D3C55103D}.Release|Any CPU.Build.0 = Release|Any CPU
	EndGlobalSection
	GlobalSection(SolutionProperties) = preSolution
		HideSolutionNode = FALSE
	EndGlobalSection
	GlobalSection(ExtensibilityGlobals) = postSolution
		SolutionGuid = {B318C4BF-064A-4B24-ACCA-B3B3347353B4}
	EndGlobalSection
EndGlobal
